
Microsoft Visual Studio Solution File, Format Version 12.00
# Visual Studio 2013
VisualStudioVersion = 12.0.21005.1
MinimumVisualStudioVersion = 10.0.40219.1
Project("{FAE04EC0-301F-11D3-BF4B-00C04F79EFBC}") = "MCSApp", "MCSApp\MCSApp.csproj", "{7FDACF5A-CBE1-4992-9941-EA8D6A12CA70}"
	ProjectSection(ProjectDependencies) = postProject
		{AC225DD8-1F61-44F2-9731-5A87DE2293D5} = {AC225DD8-1F61-44F2-9731-5A87DE2293D5}
	EndProjectSection
EndProject
Project("{FAE04EC0-301F-11D3-BF4B-00C04F79EFBC}") = "iMCS", "iMCS\iMCS.csproj", "{AC225DD8-1F61-44F2-9731-5A87DE2293D5}"
EndProject
Global
	GlobalSection(SolutionConfigurationPlatforms) = preSolution
		Debug|Any CPU = Debug|Any CPU
		Release|Any CPU = Release|Any CPU
	EndGlobalSection
	GlobalSection(ProjectConfigurationPlatforms) = postSolution
		{7FDACF5A-CBE1-4992-9941-EA8D6A12CA70}.Debug|Any CPU.ActiveCfg = Debug|Any CPU
		{7FDACF5A-CBE1-4992-9941-EA8D6A12CA70}.Debug|Any CPU.Build.0 = Debug|Any CPU
		{7FDACF5A-CBE1-4992-9941-EA8D6A12CA70}.Release|Any CPU.ActiveCfg = Release|Any CPU
		{7FDACF5A-CBE1-4992-9941-EA8D6A12CA70}.Release|Any CPU.Build.0 = Release|Any CPU
		{AC225DD8-1F61-44F2-9731-5A87DE2293D5}.Debug|Any CPU.ActiveCfg = Debug|Any CPU
		{AC225DD8-1F61-44F2-9731-5A87DE2293D5}.Debug|Any CPU.Build.0 = Debug|Any CPU
		{AC225DD8-1F61-44F2-9731-5A87DE2293D5}.Release|Any CPU.ActiveCfg = Release|Any CPU
		{AC225DD8-1F61-44F2-9731-5A87DE2293D5}.Release|Any CPU.Build.0 = Release|Any CPU
	EndGlobalSection
	GlobalSection(SolutionProperties) = preSolution
		HideSolutionNode = FALSE
	EndGlobalSection
EndGlobal
